
Microsoft Visual Studio Solution File, Format Version 12.00
# Visual Studio 15
Project("{FAE04EC0-301F-11D3-BF4B-00C04F79EFBC}") = "UnityEngine.UI", "UnityEngine.UI.csproj", "{F4967588-28C2-9345-D01D-97C206C07D31}"
EndProject
Project("{FAE04EC0-301F-11D3-BF4B-00C04F79EFBC}") = "UnityEngine.TestRunner", "UnityEngine.TestRunner.csproj", "{6EE4EE93-FC62-3E17-A380-B2B2EBB47FCB}"
EndProject
Project("{FAE04EC0-301F-11D3-BF4B-00C04F79EFBC}") = "Unity.VisualScripting.Flow", "Unity.VisualScripting.Flow.csproj", "{8026335B-53C5-E9F5-1E2F-B90A423A1CD0}"
EndProject
Project("{FAE04EC0-301F-11D3-BF4B-00C04F79EFBC}") = "Unity.Services.Core.Telemetry", "Unity.Services.Core.Telemetry.csproj", "{B6492D8A-E3D1-191D-F27F-D6B3D482475C}"
EndProject
Project("{FAE04EC0-301F-11D3-BF4B-00C04F79EFBC}") = "Unity.InputSystem", "Unity.InputSystem.csproj", "{D0EA29AB-C24A-B12E-36CE-C1028B027A21}"
EndProject
Project("{FAE04EC0-301F-11D3-BF4B-00C04F79EFBC}") = "Unity.VisualScripting.State", "Unity.VisualScripting.State.csproj", "{455824AF-5A7F-EA69-7F06-4E86583B94E9}"
EndProject
Project("{FAE04EC0-301F-11D3-BF4B-00C04F79EFBC}") = "Unity.VisualScripting.Core", "Unity.VisualScripting.Core.csproj", "{561EA507-347F-0B57-4F8C-CA8462EA452A}"
EndProject
Project("{FAE04EC0-301F-11D3-BF4B-00C04F79EFBC}") = "Assembly-CSharp", "Assembly-CSharp.csproj", "{6D92CE72-F772-78F8-EC19-55ACD325BB4D}"
EndProject
Project("{FAE04EC0-301F-11D3-BF4B-00C04F79EFBC}") = "Unity.Services.Core.Environments.Internal", "Unity.Services.Core.Environments.Internal.csproj", "{921F12F5-6FE3-C5FA-196C-7E8C7B8B015A}"
EndProject
Project("{FAE04EC0-301F-11D3-BF4B-00C04F79EFBC}") = "Unity.TextMeshPro", "Unity.TextMeshPro.csproj", "{087646A9-DD23-000D-5363-CD98FA14B08A}"
EndProject
Project("{FAE04EC0-301F-11D3-BF4B-00C04F79EFBC}") = "Unity.ProBuilder.Poly2Tri", "Unity.ProBuilder.Poly2Tri.csproj", "{BE886A47-7428-FD7F-B238-C678B8EA9C1D}"
EndProject
Project("{FAE04EC0-301F-11D3-BF4B-00C04F79EFBC}") = "Cinemachine", "Cinemachine.csproj", "{F089565B-0F32-D197-0ECD-0590B9DC1C18}"
EndProject
Project("{FAE04EC0-301F-11D3-BF4B-00C04F79EFBC}") = "Unity.Timeline", "Unity.Timeline.csproj", "{740407F0-0628-DB68-F77E-2835F20F4083}"
EndProject
Project("{FAE04EC0-301F-11D3-BF4B-00C04F79EFBC}") = "Unity.Services.Core", "Unity.Services.Core.csproj", "{7F91FED2-2BD9-280D-DB56-CB7D682E61F6}"
EndProject
Project("{FAE04EC0-301F-11D3-BF4B-00C04F79EFBC}") = "Unity.Postprocessing.Runtime", "Unity.Postprocessing.Runtime.csproj", "{6A199CB0-1B52-6E52-7686-2CE76C477BE3}"
EndProject
Project("{FAE04EC0-301F-11D3-BF4B-00C04F79EFBC}") = "Unity.ProBuilder", "Unity.ProBuilder.csproj", "{6A4B0509-4185-7CE1-DBCC-90E0374C9760}"
EndProject
Project("{FAE04EC0-301F-11D3-BF4B-00C04F79EFBC}") = "Unity.Services.Core.Environments", "Unity.Services.Core.Environments.csproj", "{5050E476-FFD2-6A68-EE49-16A7C5FB5FA2}"
EndProject
Project("{FAE04EC0-301F-11D3-BF4B-00C04F79EFBC}") = "sc.terrain.painter.runtime", "sc.terrain.painter.runtime.csproj", "{20EC7472-13D3-7ADD-B623-D9E0A853C635}"
EndProject
Project("{FAE04EC0-301F-11D3-BF4B-00C04F79EFBC}") = "Unity.Services.Core.Internal", "Unity.Services.Core.Internal.csproj", "{2536FF6B-8DE8-BCA0-3353-D6764CD09546}"
EndProject
Project("{FAE04EC0-301F-11D3-BF4B-00C04F79EFBC}") = "Unity.Services.Core.Analytics", "Unity.Services.Core.Analytics.csproj", "{0347988B-1A12-EFEA-BEC3-17E33926F9F5}"
EndProject
Project("{FAE04EC0-301F-11D3-BF4B-00C04F79EFBC}") = "Unity.ProBuilder.Csg", "Unity.ProBuilder.Csg.csproj", "{ABFC0D01-760D-BF09-2CB0-0B9E1E654646}"
EndProject
Project("{FAE04EC0-301F-11D3-BF4B-00C04F79EFBC}") = "Unity.Services.Core.Scheduler", "Unity.Services.Core.Scheduler.csproj", "{43A3A66B-7D92-CC06-5056-E5D33A128024}"
EndProject
Project("{FAE04EC0-301F-11D3-BF4B-00C04F79EFBC}") = "Unity.Services.Core.Registration", "Unity.Services.Core.Registration.csproj", "{16DDDB43-65C1-853B-6E7C-37C43C9C6498}"
EndProject
Project("{FAE04EC0-301F-11D3-BF4B-00C04F79EFBC}") = "Unity.Services.Core.Device", "Unity.Services.Core.Device.csproj", "{F372D6DA-366E-6B73-FBF0-D94E51768D65}"
EndProject
Project("{FAE04EC0-301F-11D3-BF4B-00C04F79EFBC}") = "Unity.Services.Core.Threading", "Unity.Services.Core.Threading.csproj", "{F623069F-934E-C124-054C-AE4A04D99F9A}"
EndProject
Project("{FAE04EC0-301F-11D3-BF4B-00C04F79EFBC}") = "Unity.Services.Core.Networking", "Unity.Services.Core.Networking.csproj", "{7DF0FB95-5F12-8171-6931-F10F2A061DF7}"
EndProject
Project("{FAE04EC0-301F-11D3-BF4B-00C04F79EFBC}") = "Unity.ProBuilder.KdTree", "Unity.ProBuilder.KdTree.csproj", "{795FBBB0-F53B-BEB0-BB42-EB51A3569209}"
EndProject
Project("{FAE04EC0-301F-11D3-BF4B-00C04F79EFBC}") = "Unity.Services.Core.Configuration", "Unity.Services.Core.Configuration.csproj", "{3FDCF310-0531-B2F5-28F3-61312E74DA23}"
EndProject
Project("{FAE04EC0-301F-11D3-BF4B-00C04F79EFBC}") = "Unity.ProBuilder.Stl", "Unity.ProBuilder.Stl.csproj", "{55B45050-4B14-84DB-FA6C-A0E5A50208F3}"
EndProject
Project("{FAE04EC0-301F-11D3-BF4B-00C04F79EFBC}") = "Unity.PlasticSCM.Editor", "Unity.PlasticSCM.Editor.csproj", "{2B04BB67-DAAB-B85C-5B9D-CCBFD50C48FC}"
EndProject
Project("{FAE04EC0-301F-11D3-BF4B-00C04F79EFBC}") = "Unity.VisualScripting.Core.Editor", "Unity.VisualScripting.Core.Editor.csproj", "{4AB814A5-E56E-4934-800D-849B93A33FFE}"
EndProject
Project("{FAE04EC0-301F-11D3-BF4B-00C04F79EFBC}") = "Unity.VisualScripting.Flow.Editor", "Unity.VisualScripting.Flow.Editor.csproj", "{1153F4D0-DBE5-D0B3-6A5C-6E310CDD8F89}"
EndProject
Project("{FAE04EC0-301F-11D3-BF4B-00C04F79EFBC}") = "Unity.VisualStudio.Editor", "Unity.VisualStudio.Editor.csproj", "{700A6FF0-3427-EAB9-C4C4-43185A4512B6}"
EndProject
Project("{FAE04EC0-301F-11D3-BF4B-00C04F79EFBC}") = "Unity.ProBuilder.Editor", "Unity.ProBuilder.Editor.csproj", "{7EBA48D9-D162-1581-B119-3A18818B6D4F}"
EndProject
Project("{FAE04EC0-301F-11D3-BF4B-00C04F79EFBC}") = "Unity.Timeline.Editor", "Unity.Timeline.Editor.csproj", "{D4E58DDE-AC00-EA54-FF24-EE9FAEE0F82F}"
EndProject
Project("{FAE04EC0-301F-11D3-BF4B-00C04F79EFBC}") = "com.unity.cinemachine.editor", "com.unity.cinemachine.editor.csproj", "{4B7056A6-A68B-070D-C11E-721820E93C0A}"
EndProject
Project("{FAE04EC0-301F-11D3-BF4B-00C04F79EFBC}") = "Unity.VisualScripting.State.Editor", "Unity.VisualScripting.State.Editor.csproj", "{3E40293B-F41D-F9DD-2546-21B488CEA794}"
EndProject
Project("{FAE04EC0-301F-11D3-BF4B-00C04F79EFBC}") = "Unity.TextMeshPro.Editor", "Unity.TextMeshPro.Editor.csproj", "{571447E6-20D0-315E-68C4-75D14F310934}"
EndProject
Project("{FAE04EC0-301F-11D3-BF4B-00C04F79EFBC}") = "Unity.VisualScripting.SettingsProvider.Editor", "Unity.VisualScripting.SettingsProvider.Editor.csproj", "{B643B789-B1CB-2D5B-A949-007376F7F8E1}"
EndProject
Project("{FAE04EC0-301F-11D3-BF4B-00C04F79EFBC}") = "Unity.CollabProxy.Editor", "Unity.CollabProxy.Editor.csproj", "{661E5178-C497-B27B-352A-58439B551D3A}"
EndProject
Project("{FAE04EC0-301F-11D3-BF4B-00C04F79EFBC}") = "UnityEditor.TestRunner", "UnityEditor.TestRunner.csproj", "{81DDA53A-F4C9-C51C-E183-9534BDBBBD9B}"
EndProject
Project("{FAE04EC0-301F-11D3-BF4B-00C04F79EFBC}") = "Unity.Postprocessing.Editor", "Unity.Postprocessing.Editor.csproj", "{7D1496AE-22E6-8519-5E5D-68B273888E44}"
EndProject
Project("{FAE04EC0-301F-11D3-BF4B-00C04F79EFBC}") = "Unity.Services.Core.Editor", "Unity.Services.Core.Editor.csproj", "{6A4815A7-DD2C-7760-223D-F7E8C059A624}"
EndProject
Project("{FAE04EC0-301F-11D3-BF4B-00C04F79EFBC}") = "Unity.TestTools.CodeCoverage.Editor", "Unity.TestTools.CodeCoverage.Editor.csproj", "{5C529C00-62CE-749D-EF7B-48964413CE1D}"
EndProject
Project("{FAE04EC0-301F-11D3-BF4B-00C04F79EFBC}") = "Unity.Rider.Editor", "Unity.Rider.Editor.csproj", "{A0D3F1E1-BA35-DA49-D068-65A6E9D581E4}"
EndProject
Project("{FAE04EC0-301F-11D3-BF4B-00C04F79EFBC}") = "sc.terrain.painter.editor", "sc.terrain.painter.editor.csproj", "{95DEAEBC-D7B8-155E-11D3-FBF8E9E2CEE8}"
EndProject
Project("{FAE04EC0-301F-11D3-BF4B-00C04F79EFBC}") = "Unity.Performance.Profile-Analyzer.Editor", "Unity.Performance.Profile-Analyzer.Editor.csproj", "{E165BF74-8AFE-389E-9C2F-F36284EE8095}"
EndProject
Project("{FAE04EC0-301F-11D3-BF4B-00C04F79EFBC}") = "Unity.VSCode.Editor", "Unity.VSCode.Editor.csproj", "{BDE6D4C7-0199-FFA9-5711-6CC337CC6AA7}"
EndProject
Project("{FAE04EC0-301F-11D3-BF4B-00C04F79EFBC}") = "Unity.ProBuilder.AssetIdRemapUtility", "Unity.ProBuilder.AssetIdRemapUtility.csproj", "{BE755194-1AC5-7891-3DFC-98A310BFAF0C}"
EndProject
Project("{FAE04EC0-301F-11D3-BF4B-00C04F79EFBC}") = "UnityEditor.UI", "UnityEditor.UI.csproj", "{004FF89A-4F49-ABC5-5B7A-89F8D196379D}"
EndProject
Project("{FAE04EC0-301F-11D3-BF4B-00C04F79EFBC}") = "Unity.TestTools.CodeCoverage.Editor.OpenCover.Model", "Unity.TestTools.CodeCoverage.Editor.OpenCover.Model.csproj", "{EF2F9352-475D-821A-8E2E-C7F8EBBEE78C}"
EndProject
Project("{FAE04EC0-301F-11D3-BF4B-00C04F79EFBC}") = "Unity.EditorCoroutines.Editor", "Unity.EditorCoroutines.Editor.csproj", "{AF3EACB6-6DC2-6A37-23CE-95FAAFF9E4D4}"
EndProject
Project("{FAE04EC0-301F-11D3-BF4B-00C04F79EFBC}") = "Unity.Settings.Editor", "Unity.Settings.Editor.csproj", "{78EBF846-9616-F85C-FFAF-AFFE6F6C4C96}"
EndProject
Project("{FAE04EC0-301F-11D3-BF4B-00C04F79EFBC}") = "Assembly-CSharp-Editor", "Assembly-CSharp-Editor.csproj", "{320CB826-82DE-5EB8-AA7A-7499405044C6}"
EndProject
Project("{FAE04EC0-301F-11D3-BF4B-00C04F79EFBC}") = "Unity.Services.Core.Configuration.Editor", "Unity.Services.Core.Configuration.Editor.csproj", "{D8653227-441A-B482-DD10-32AB5A991F45}"
EndProject
Project("{FAE04EC0-301F-11D3-BF4B-00C04F79EFBC}") = "Unity.TestTools.CodeCoverage.Editor.OpenCover.Mono.Reflection", "Unity.TestTools.CodeCoverage.Editor.OpenCover.Mono.Reflection.csproj", "{297730C7-4312-1B26-1C15-767BA243B690}"
EndProject
Project("{FAE04EC0-301F-11D3-BF4B-00C04F79EFBC}") = "Unity.VisualScripting.Shared.Editor", "Unity.VisualScripting.Shared.Editor.csproj", "{E047BACB-5433-182A-9155-26F3A1BA955A}"
EndProject
Project("{FAE04EC0-301F-11D3-BF4B-00C04F79EFBC}") = "Unity.ProBuilder.AddOns.Editor", "Unity.ProBuilder.AddOns.Editor.csproj", "{0B35DC67-5640-6FB6-B69D-BD7B46C4ECED}"
EndProject
Project("{FAE04EC0-301F-11D3-BF4B-00C04F79EFBC}") = "UnityEngine.UI", "UnityEngine.UI.Player.csproj", "{C8F51878-D4CD-D8A3-6227-0BC83F989F7E}"
EndProject
Project("{FAE04EC0-301F-11D3-BF4B-00C04F79EFBC}") = "UnityEngine.TestRunner", "UnityEngine.TestRunner.Player.csproj", "{E0D41E96-57EB-7379-F399-25260A12684B}"
EndProject
Project("{FAE04EC0-301F-11D3-BF4B-00C04F79EFBC}") = "Unity.VisualScripting.Flow", "Unity.VisualScripting.Flow.Player.csproj", "{F6C3BE3E-CAAF-D488-D318-05C951253917}"
EndProject
Project("{FAE04EC0-301F-11D3-BF4B-00C04F79EFBC}") = "Unity.Services.Core.Telemetry", "Unity.Services.Core.Telemetry.Player.csproj", "{8C7AC344-A1D6-B8E5-E1B2-4A2C5D0969F6}"
EndProject
Project("{FAE04EC0-301F-11D3-BF4B-00C04F79EFBC}") = "Unity.InputSystem", "Unity.InputSystem.Player.csproj", "{28A14AA1-5D5B-C3EF-6DDD-ABBB68E1A0B9}"
EndProject
Project("{FAE04EC0-301F-11D3-BF4B-00C04F79EFBC}") = "Unity.VisualScripting.State", "Unity.VisualScripting.State.Player.csproj", "{99E39B1A-1C31-B6C4-6172-2A978DFA2213}"
EndProject
Project("{FAE04EC0-301F-11D3-BF4B-00C04F79EFBC}") = "Unity.VisualScripting.Core", "Unity.VisualScripting.Core.Player.csproj", "{DF87254F-118C-2273-C42B-5753E21E6155}"
EndProject
Project("{FAE04EC0-301F-11D3-BF4B-00C04F79EFBC}") = "Assembly-CSharp", "Assembly-CSharp.Player.csproj", "{17554A15-FA4C-D4AA-8775-DB82A4AEB196}"
EndProject
Project("{FAE04EC0-301F-11D3-BF4B-00C04F79EFBC}") = "Unity.Services.Core.Environments.Internal", "Unity.Services.Core.Environments.Internal.Player.csproj", "{513F5D29-561A-C7BD-9F34-88599D7C79A3}"
EndProject
Project("{FAE04EC0-301F-11D3-BF4B-00C04F79EFBC}") = "Unity.TextMeshPro", "Unity.TextMeshPro.Player.csproj", "{BB10438B-0EA0-19F4-F390-745E3ADE2D55}"
EndProject
Project("{FAE04EC0-301F-11D3-BF4B-00C04F79EFBC}") = "Unity.ProBuilder.Poly2Tri", "Unity.ProBuilder.Poly2Tri.Player.csproj", "{1D89A558-6F84-CFB1-3536-BA91750DAE49}"
EndProject
Project("{FAE04EC0-301F-11D3-BF4B-00C04F79EFBC}") = "Cinemachine", "Cinemachine.Player.csproj", "{3CAE1B91-8090-5581-8877-09607B21E8EB}"
EndProject
Project("{FAE04EC0-301F-11D3-BF4B-00C04F79EFBC}") = "Unity.Timeline", "Unity.Timeline.Player.csproj", "{DB385A79-C047-FA7A-530E-AD10747AF87D}"
EndProject
Project("{FAE04EC0-301F-11D3-BF4B-00C04F79EFBC}") = "Unity.Services.Core", "Unity.Services.Core.Player.csproj", "{CD4C0256-710E-413B-52CC-2384571136F5}"
EndProject
Project("{FAE04EC0-301F-11D3-BF4B-00C04F79EFBC}") = "Unity.Postprocessing.Runtime", "Unity.Postprocessing.Runtime.Player.csproj", "{38B74DDF-AA8C-F63E-C8A6-80DBFEEE6D75}"
EndProject
Project("{FAE04EC0-301F-11D3-BF4B-00C04F79EFBC}") = "Unity.ProBuilder", "Unity.ProBuilder.Player.csproj", "{69FA68A3-753A-AA97-3A4A-CB2574B98641}"
EndProject
Project("{FAE04EC0-301F-11D3-BF4B-00C04F79EFBC}") = "Unity.Services.Core.Environments", "Unity.Services.Core.Environments.Player.csproj", "{98F2499D-C8CE-F112-EC1B-B6A50042ECA2}"
EndProject
Project("{FAE04EC0-301F-11D3-BF4B-00C04F79EFBC}") = "sc.terrain.painter.runtime", "sc.terrain.painter.runtime.Player.csproj", "{1BF52E61-FEB3-66A3-117A-796E6CBD9E48}"
EndProject
Project("{FAE04EC0-301F-11D3-BF4B-00C04F79EFBC}") = "Unity.Services.Core.Internal", "Unity.Services.Core.Internal.Player.csproj", "{385FA0AD-01F2-4E63-73DD-0B0859279DE0}"
EndProject
Project("{FAE04EC0-301F-11D3-BF4B-00C04F79EFBC}") = "Unity.Services.Core.Analytics", "Unity.Services.Core.Analytics.Player.csproj", "{4488EAB5-23A3-CC96-98AE-4BE48927A669}"
EndProject
Project("{FAE04EC0-301F-11D3-BF4B-00C04F79EFBC}") = "Unity.ProBuilder.Csg", "Unity.ProBuilder.Csg.Player.csproj", "{83C89D5F-BD3A-7F29-67AA-DE4B820EAC12}"
EndProject
Project("{FAE04EC0-301F-11D3-BF4B-00C04F79EFBC}") = "Unity.Services.Core.Scheduler", "Unity.Services.Core.Scheduler.Player.csproj", "{69C26B2B-648B-180D-2F0A-AF39821AC200}"
EndProject
Project("{FAE04EC0-301F-11D3-BF4B-00C04F79EFBC}") = "Unity.Services.Core.Registration", "Unity.Services.Core.Registration.Player.csproj", "{C09B2989-6AF0-F423-0C82-649412E4D978}"
EndProject
Project("{FAE04EC0-301F-11D3-BF4B-00C04F79EFBC}") = "Unity.Services.Core.Device", "Unity.Services.Core.Device.Player.csproj", "{8A61A436-6BF1-B787-0EB4-A0436EDC6A65}"
EndProject
Project("{FAE04EC0-301F-11D3-BF4B-00C04F79EFBC}") = "Unity.Services.Core.Threading", "Unity.Services.Core.Threading.Player.csproj", "{BE8DA1D6-EAC3-235D-E1B1-12A7B45F2168}"
EndProject
Project("{FAE04EC0-301F-11D3-BF4B-00C04F79EFBC}") = "Unity.Services.Core.Networking", "Unity.Services.Core.Networking.Player.csproj", "{CD55B556-F4EE-7002-EBC3-90146BE763ED}"
EndProject
Project("{FAE04EC0-301F-11D3-BF4B-00C04F79EFBC}") = "Unity.ProBuilder.KdTree", "Unity.ProBuilder.KdTree.Player.csproj", "{798D4CE4-9B18-764A-1EF5-96193BCACFD4}"
EndProject
Project("{FAE04EC0-301F-11D3-BF4B-00C04F79EFBC}") = "Unity.Services.Core.Configuration", "Unity.Services.Core.Configuration.Player.csproj", "{9DB41193-DB79-B0A6-8463-953018371AE7}"
EndProject
Project("{FAE04EC0-301F-11D3-BF4B-00C04F79EFBC}") = "Unity.ProBuilder.Stl", "Unity.ProBuilder.Stl.Player.csproj", "{93BCB8A3-E067-626C-0143-4F63E9F291FC}"
EndProject
Global
	GlobalSection(SolutionConfigurationPlatforms) = preSolution
		Debug|Any CPU = Debug|Any CPU
		Release|Any CPU = Release|Any CPU
	EndGlobalSection
	GlobalSection(ProjectConfigurationPlatforms) = postSolution
		{F4967588-28C2-9345-D01D-97C206C07D31}.Debug|Any CPU.ActiveCfg = Debug|Any CPU
		{F4967588-28C2-9345-D01D-97C206C07D31}.Debug|Any CPU.Build.0 = Debug|Any CPU
		{F4967588-28C2-9345-D01D-97C206C07D31}.Release|Any CPU.ActiveCfg = Release|Any CPU
		{F4967588-28C2-9345-D01D-97C206C07D31}.Release|Any CPU.Build.0 = Release|Any CPU
		{6EE4EE93-FC62-3E17-A380-B2B2EBB47FCB}.Debug|Any CPU.ActiveCfg = Debug|Any CPU
		{6EE4EE93-FC62-3E17-A380-B2B2EBB47FCB}.Debug|Any CPU.Build.0 = Debug|Any CPU
		{6EE4EE93-FC62-3E17-A380-B2B2EBB47FCB}.Release|Any CPU.ActiveCfg = Release|Any CPU
		{6EE4EE93-FC62-3E17-A380-B2B2EBB47FCB}.Release|Any CPU.Build.0 = Release|Any CPU
		{8026335B-53C5-E9F5-1E2F-B90A423A1CD0}.Debug|Any CPU.ActiveCfg = Debug|Any CPU
		{8026335B-53C5-E9F5-1E2F-B90A423A1CD0}.Debug|Any CPU.Build.0 = Debug|Any CPU
		{8026335B-53C5-E9F5-1E2F-B90A423A1CD0}.Release|Any CPU.ActiveCfg = Release|Any CPU
		{8026335B-53C5-E9F5-1E2F-B90A423A1CD0}.Release|Any CPU.Build.0 = Release|Any CPU
		{B6492D8A-E3D1-191D-F27F-D6B3D482475C}.Debug|Any CPU.ActiveCfg = Debug|Any CPU
		{B6492D8A-E3D1-191D-F27F-D6B3D482475C}.Debug|Any CPU.Build.0 = Debug|Any CPU
		{B6492D8A-E3D1-191D-F27F-D6B3D482475C}.Release|Any CPU.ActiveCfg = Release|Any CPU
		{B6492D8A-E3D1-191D-F27F-D6B3D482475C}.Release|Any CPU.Build.0 = Release|Any CPU
		{D0EA29AB-C24A-B12E-36CE-C1028B027A21}.Debug|Any CPU.ActiveCfg = Debug|Any CPU
		{D0EA29AB-C24A-B12E-36CE-C1028B027A21}.Debug|Any CPU.Build.0 = Debug|Any CPU
		{D0EA29AB-C24A-B12E-36CE-C1028B027A21}.Release|Any CPU.ActiveCfg = Release|Any CPU
		{D0EA29AB-C24A-B12E-36CE-C1028B027A21}.Release|Any CPU.Build.0 = Release|Any CPU
		{455824AF-5A7F-EA69-7F06-4E86583B94E9}.Debug|Any CPU.ActiveCfg = Debug|Any CPU
		{455824AF-5A7F-EA69-7F06-4E86583B94E9}.Debug|Any CPU.Build.0 = Debug|Any CPU
		{455824AF-5A7F-EA69-7F06-4E86583B94E9}.Release|Any CPU.ActiveCfg = Release|Any CPU
		{455824AF-5A7F-EA69-7F06-4E86583B94E9}.Release|Any CPU.Build.0 = Release|Any CPU
		{561EA507-347F-0B57-4F8C-CA8462EA452A}.Debug|Any CPU.ActiveCfg = Debug|Any CPU
		{561EA507-347F-0B57-4F8C-CA8462EA452A}.Debug|Any CPU.Build.0 = Debug|Any CPU
		{561EA507-347F-0B57-4F8C-CA8462EA452A}.Release|Any CPU.ActiveCfg = Release|Any CPU
		{561EA507-347F-0B57-4F8C-CA8462EA452A}.Release|Any CPU.Build.0 = Release|Any CPU
		{6D92CE72-F772-78F8-EC19-55ACD325BB4D}.Debug|Any CPU.ActiveCfg = Debug|Any CPU
		{6D92CE72-F772-78F8-EC19-55ACD325BB4D}.Debug|Any CPU.Build.0 = Debug|Any CPU
		{6D92CE72-F772-78F8-EC19-55ACD325BB4D}.Release|Any CPU.ActiveCfg = Release|Any CPU
		{6D92CE72-F772-78F8-EC19-55ACD325BB4D}.Release|Any CPU.Build.0 = Release|Any CPU
		{921F12F5-6FE3-C5FA-196C-7E8C7B8B015A}.Debug|Any CPU.ActiveCfg = Debug|Any CPU
		{921F12F5-6FE3-C5FA-196C-7E8C7B8B015A}.Debug|Any CPU.Build.0 = Debug|Any CPU
		{921F12F5-6FE3-C5FA-196C-7E8C7B8B015A}.Release|Any CPU.ActiveCfg = Release|Any CPU
		{921F12F5-6FE3-C5FA-196C-7E8C7B8B015A}.Release|Any CPU.Build.0 = Release|Any CPU
		{087646A9-DD23-000D-5363-CD98FA14B08A}.Debug|Any CPU.ActiveCfg = Debug|Any CPU
		{087646A9-DD23-000D-5363-CD98FA14B08A}.Debug|Any CPU.Build.0 = Debug|Any CPU
		{087646A9-DD23-000D-5363-CD98FA14B08A}.Release|Any CPU.ActiveCfg = Release|Any CPU
		{087646A9-DD23-000D-5363-CD98FA14B08A}.Release|Any CPU.Build.0 = Release|Any CPU
		{BE886A47-7428-FD7F-B238-C678B8EA9C1D}.Debug|Any CPU.ActiveCfg = Debug|Any CPU
		{BE886A47-7428-FD7F-B238-C678B8EA9C1D}.Debug|Any CPU.Build.0 = Debug|Any CPU
		{BE886A47-7428-FD7F-B238-C678B8EA9C1D}.Release|Any CPU.ActiveCfg = Release|Any CPU
		{BE886A47-7428-FD7F-B238-C678B8EA9C1D}.Release|Any CPU.Build.0 = Release|Any CPU
		{F089565B-0F32-D197-0ECD-0590B9DC1C18}.Debug|Any CPU.ActiveCfg = Debug|Any CPU
		{F089565B-0F32-D197-0ECD-0590B9DC1C18}.Debug|Any CPU.Build.0 = Debug|Any CPU
		{F089565B-0F32-D197-0ECD-0590B9DC1C18}.Release|Any CPU.ActiveCfg = Release|Any CPU
		{F089565B-0F32-D197-0ECD-0590B9DC1C18}.Release|Any CPU.Build.0 = Release|Any CPU
		{740407F0-0628-DB68-F77E-2835F20F4083}.Debug|Any CPU.ActiveCfg = Debug|Any CPU
		{740407F0-0628-DB68-F77E-2835F20F4083}.Debug|Any CPU.Build.0 = Debug|Any CPU
		{740407F0-0628-DB68-F77E-2835F20F4083}.Release|Any CPU.ActiveCfg = Release|Any CPU
		{740407F0-0628-DB68-F77E-2835F20F4083}.Release|Any CPU.Build.0 = Release|Any CPU
		{7F91FED2-2BD9-280D-DB56-CB7D682E61F6}.Debug|Any CPU.ActiveCfg = Debug|Any CPU
		{7F91FED2-2BD9-280D-DB56-CB7D682E61F6}.Debug|Any CPU.Build.0 = Debug|Any CPU
		{7F91FED2-2BD9-280D-DB56-CB7D682E61F6}.Release|Any CPU.ActiveCfg = Release|Any CPU
		{7F91FED2-2BD9-280D-DB56-CB7D682E61F6}.Release|Any CPU.Build.0 = Release|Any CPU
		{6A199CB0-1B52-6E52-7686-2CE76C477BE3}.Debug|Any CPU.ActiveCfg = Debug|Any CPU
		{6A199CB0-1B52-6E52-7686-2CE76C477BE3}.Debug|Any CPU.Build.0 = Debug|Any CPU
		{6A199CB0-1B52-6E52-7686-2CE76C477BE3}.Release|Any CPU.ActiveCfg = Release|Any CPU
		{6A199CB0-1B52-6E52-7686-2CE76C477BE3}.Release|Any CPU.Build.0 = Release|Any CPU
		{6A4B0509-4185-7CE1-DBCC-90E0374C9760}.Debug|Any CPU.ActiveCfg = Debug|Any CPU
		{6A4B0509-4185-7CE1-DBCC-90E0374C9760}.Debug|Any CPU.Build.0 = Debug|Any CPU
		{6A4B0509-4185-7CE1-DBCC-90E0374C9760}.Release|Any CPU.ActiveCfg = Release|Any CPU
		{6A4B0509-4185-7CE1-DBCC-90E0374C9760}.Release|Any CPU.Build.0 = Release|Any CPU
		{5050E476-FFD2-6A68-EE49-16A7C5FB5FA2}.Debug|Any CPU.ActiveCfg = Debug|Any CPU
		{5050E476-FFD2-6A68-EE49-16A7C5FB5FA2}.Debug|Any CPU.Build.0 = Debug|Any CPU
		{5050E476-FFD2-6A68-EE49-16A7C5FB5FA2}.Release|Any CPU.ActiveCfg = Release|Any CPU
		{5050E476-FFD2-6A68-EE49-16A7C5FB5FA2}.Release|Any CPU.Build.0 = Release|Any CPU
		{20EC7472-13D3-7ADD-B623-D9E0A853C635}.Debug|Any CPU.ActiveCfg = Debug|Any CPU
		{20EC7472-13D3-7ADD-B623-D9E0A853C635}.Debug|Any CPU.Build.0 = Debug|Any CPU
		{20EC7472-13D3-7ADD-B623-D9E0A853C635}.Release|Any CPU.ActiveCfg = Release|Any CPU
		{20EC7472-13D3-7ADD-B623-D9E0A853C635}.Release|Any CPU.Build.0 = Release|Any CPU
		{2536FF6B-8DE8-BCA0-3353-D6764CD09546}.Debug|Any CPU.ActiveCfg = Debug|Any CPU
		{2536FF6B-8DE8-BCA0-3353-D6764CD09546}.Debug|Any CPU.Build.0 = Debug|Any CPU
		{2536FF6B-8DE8-BCA0-3353-D6764CD09546}.Release|Any CPU.ActiveCfg = Release|Any CPU
		{2536FF6B-8DE8-BCA0-3353-D6764CD09546}.Release|Any CPU.Build.0 = Release|Any CPU
		{0347988B-1A12-EFEA-BEC3-17E33926F9F5}.Debug|Any CPU.ActiveCfg = Debug|Any CPU
		{0347988B-1A12-EFEA-BEC3-17E33926F9F5}.Debug|Any CPU.Build.0 = Debug|Any CPU
		{0347988B-1A12-EFEA-BEC3-17E33926F9F5}.Release|Any CPU.ActiveCfg = Release|Any CPU
		{0347988B-1A12-EFEA-BEC3-17E33926F9F5}.Release|Any CPU.Build.0 = Release|Any CPU
		{ABFC0D01-760D-BF09-2CB0-0B9E1E654646}.Debug|Any CPU.ActiveCfg = Debug|Any CPU
		{ABFC0D01-760D-BF09-2CB0-0B9E1E654646}.Debug|Any CPU.Build.0 = Debug|Any CPU
		{ABFC0D01-760D-BF09-2CB0-0B9E1E654646}.Release|Any CPU.ActiveCfg = Release|Any CPU
		{ABFC0D01-760D-BF09-2CB0-0B9E1E654646}.Release|Any CPU.Build.0 = Release|Any CPU
		{43A3A66B-7D92-CC06-5056-E5D33A128024}.Debug|Any CPU.ActiveCfg = Debug|Any CPU
		{43A3A66B-7D92-CC06-5056-E5D33A128024}.Debug|Any CPU.Build.0 = Debug|Any CPU
		{43A3A66B-7D92-CC06-5056-E5D33A128024}.Release|Any CPU.ActiveCfg = Release|Any CPU
		{43A3A66B-7D92-CC06-5056-E5D33A128024}.Release|Any CPU.Build.0 = Release|Any CPU
		{16DDDB43-65C1-853B-6E7C-37C43C9C6498}.Debug|Any CPU.ActiveCfg = Debug|Any CPU
		{16DDDB43-65C1-853B-6E7C-37C43C9C6498}.Debug|Any CPU.Build.0 = Debug|Any CPU
		{16DDDB43-65C1-853B-6E7C-37C43C9C6498}.Release|Any CPU.ActiveCfg = Release|Any CPU
		{16DDDB43-65C1-853B-6E7C-37C43C9C6498}.Release|Any CPU.Build.0 = Release|Any CPU
		{F372D6DA-366E-6B73-FBF0-D94E51768D65}.Debug|Any CPU.ActiveCfg = Debug|Any CPU
		{F372D6DA-366E-6B73-FBF0-D94E51768D65}.Debug|Any CPU.Build.0 = Debug|Any CPU
		{F372D6DA-366E-6B73-FBF0-D94E51768D65}.Release|Any CPU.ActiveCfg = Release|Any CPU
		{F372D6DA-366E-6B73-FBF0-D94E51768D65}.Release|Any CPU.Build.0 = Release|Any CPU
		{F623069F-934E-C124-054C-AE4A04D99F9A}.Debug|Any CPU.ActiveCfg = Debug|Any CPU
		{F623069F-934E-C124-054C-AE4A04D99F9A}.Debug|Any CPU.Build.0 = Debug|Any CPU
		{F623069F-934E-C124-054C-AE4A04D99F9A}.Release|Any CPU.ActiveCfg = Release|Any CPU
		{F623069F-934E-C124-054C-AE4A04D99F9A}.Release|Any CPU.Build.0 = Release|Any CPU
		{7DF0FB95-5F12-8171-6931-F10F2A061DF7}.Debug|Any CPU.ActiveCfg = Debug|Any CPU
		{7DF0FB95-5F12-8171-6931-F10F2A061DF7}.Debug|Any CPU.Build.0 = Debug|Any CPU
		{7DF0FB95-5F12-8171-6931-F10F2A061DF7}.Release|Any CPU.ActiveCfg = Release|Any CPU
		{7DF0FB95-5F12-8171-6931-F10F2A061DF7}.Release|Any CPU.Build.0 = Release|Any CPU
		{795FBBB0-F53B-BEB0-BB42-EB51A3569209}.Debug|Any CPU.ActiveCfg = Debug|Any CPU
		{795FBBB0-F53B-BEB0-BB42-EB51A3569209}.Debug|Any CPU.Build.0 = Debug|Any CPU
		{795FBBB0-F53B-BEB0-BB42-EB51A3569209}.Release|Any CPU.ActiveCfg = Release|Any CPU
		{795FBBB0-F53B-BEB0-BB42-EB51A3569209}.Release|Any CPU.Build.0 = Release|Any CPU
		{3FDCF310-0531-B2F5-28F3-61312E74DA23}.Debug|Any CPU.ActiveCfg = Debug|Any CPU
		{3FDCF310-0531-B2F5-28F3-61312E74DA23}.Debug|Any CPU.Build.0 = Debug|Any CPU
		{3FDCF310-0531-B2F5-28F3-61312E74DA23}.Release|Any CPU.ActiveCfg = Release|Any CPU
		{3FDCF310-0531-B2F5-28F3-61312E74DA23}.Release|Any CPU.Build.0 = Release|Any CPU
		{55B45050-4B14-84DB-FA6C-A0E5A50208F3}.Debug|Any CPU.ActiveCfg = Debug|Any CPU
		{55B45050-4B14-84DB-FA6C-A0E5A50208F3}.Debug|Any CPU.Build.0 = Debug|Any CPU
		{55B45050-4B14-84DB-FA6C-A0E5A50208F3}.Release|Any CPU.ActiveCfg = Release|Any CPU
		{55B45050-4B14-84DB-FA6C-A0E5A50208F3}.Release|Any CPU.Build.0 = Release|Any CPU
		{2B04BB67-DAAB-B85C-5B9D-CCBFD50C48FC}.Debug|Any CPU.ActiveCfg = Debug|Any CPU
		{2B04BB67-DAAB-B85C-5B9D-CCBFD50C48FC}.Debug|Any CPU.Build.0 = Debug|Any CPU
		{2B04BB67-DAAB-B85C-5B9D-CCBFD50C48FC}.Release|Any CPU.ActiveCfg = Release|Any CPU
		{2B04BB67-DAAB-B85C-5B9D-CCBFD50C48FC}.Release|Any CPU.Build.0 = Release|Any CPU
		{4AB814A5-E56E-4934-800D-849B93A33FFE}.Debug|Any CPU.ActiveCfg = Debug|Any CPU
		{4AB814A5-E56E-4934-800D-849B93A33FFE}.Debug|Any CPU.Build.0 = Debug|Any CPU
		{4AB814A5-E56E-4934-800D-849B93A33FFE}.Release|Any CPU.ActiveCfg = Release|Any CPU
		{4AB814A5-E56E-4934-800D-849B93A33FFE}.Release|Any CPU.Build.0 = Release|Any CPU
		{1153F4D0-DBE5-D0B3-6A5C-6E310CDD8F89}.Debug|Any CPU.ActiveCfg = Debug|Any CPU
		{1153F4D0-DBE5-D0B3-6A5C-6E310CDD8F89}.Debug|Any CPU.Build.0 = Debug|Any CPU
		{1153F4D0-DBE5-D0B3-6A5C-6E310CDD8F89}.Release|Any CPU.ActiveCfg = Release|Any CPU
		{1153F4D0-DBE5-D0B3-6A5C-6E310CDD8F89}.Release|Any CPU.Build.0 = Release|Any CPU
		{700A6FF0-3427-EAB9-C4C4-43185A4512B6}.Debug|Any CPU.ActiveCfg = Debug|Any CPU
		{700A6FF0-3427-EAB9-C4C4-43185A4512B6}.Debug|Any CPU.Build.0 = Debug|Any CPU
		{700A6FF0-3427-EAB9-C4C4-43185A4512B6}.Release|Any CPU.ActiveCfg = Release|Any CPU
		{700A6FF0-3427-EAB9-C4C4-43185A4512B6}.Release|Any CPU.Build.0 = Release|Any CPU
		{7EBA48D9-D162-1581-B119-3A18818B6D4F}.Debug|Any CPU.ActiveCfg = Debug|Any CPU
		{7EBA48D9-D162-1581-B119-3A18818B6D4F}.Debug|Any CPU.Build.0 = Debug|Any CPU
		{7EBA48D9-D162-1581-B119-3A18818B6D4F}.Release|Any CPU.ActiveCfg = Release|Any CPU
		{7EBA48D9-D162-1581-B119-3A18818B6D4F}.Release|Any CPU.Build.0 = Release|Any CPU
		{D4E58DDE-AC00-EA54-FF24-EE9FAEE0F82F}.Debug|Any CPU.ActiveCfg = Debug|Any CPU
		{D4E58DDE-AC00-EA54-FF24-EE9FAEE0F82F}.Debug|Any CPU.Build.0 = Debug|Any CPU
		{D4E58DDE-AC00-EA54-FF24-EE9FAEE0F82F}.Release|Any CPU.ActiveCfg = Release|Any CPU
		{D4E58DDE-AC00-EA54-FF24-EE9FAEE0F82F}.Release|Any CPU.Build.0 = Release|Any CPU
		{4B7056A6-A68B-070D-C11E-721820E93C0A}.Debug|Any CPU.ActiveCfg = Debug|Any CPU
		{4B7056A6-A68B-070D-C11E-721820E93C0A}.Debug|Any CPU.Build.0 = Debug|Any CPU
		{4B7056A6-A68B-070D-C11E-721820E93C0A}.Release|Any CPU.ActiveCfg = Release|Any CPU
		{4B7056A6-A68B-070D-C11E-721820E93C0A}.Release|Any CPU.Build.0 = Release|Any CPU
		{3E40293B-F41D-F9DD-2546-21B488CEA794}.Debug|Any CPU.ActiveCfg = Debug|Any CPU
		{3E40293B-F41D-F9DD-2546-21B488CEA794}.Debug|Any CPU.Build.0 = Debug|Any CPU
		{3E40293B-F41D-F9DD-2546-21B488CEA794}.Release|Any CPU.ActiveCfg = Release|Any CPU
		{3E40293B-F41D-F9DD-2546-21B488CEA794}.Release|Any CPU.Build.0 = Release|Any CPU
		{571447E6-20D0-315E-68C4-75D14F310934}.Debug|Any CPU.ActiveCfg = Debug|Any CPU
		{571447E6-20D0-315E-68C4-75D14F310934}.Debug|Any CPU.Build.0 = Debug|Any CPU
		{571447E6-20D0-315E-68C4-75D14F310934}.Release|Any CPU.ActiveCfg = Release|Any CPU
		{571447E6-20D0-315E-68C4-75D14F310934}.Release|Any CPU.Build.0 = Release|Any CPU
		{B643B789-B1CB-2D5B-A949-007376F7F8E1}.Debug|Any CPU.ActiveCfg = Debug|Any CPU
		{B643B789-B1CB-2D5B-A949-007376F7F8E1}.Debug|Any CPU.Build.0 = Debug|Any CPU
		{B643B789-B1CB-2D5B-A949-007376F7F8E1}.Release|Any CPU.ActiveCfg = Release|Any CPU
		{B643B789-B1CB-2D5B-A949-007376F7F8E1}.Release|Any CPU.Build.0 = Release|Any CPU
		{661E5178-C497-B27B-352A-58439B551D3A}.Debug|Any CPU.ActiveCfg = Debug|Any CPU
		{661E5178-C497-B27B-352A-58439B551D3A}.Debug|Any CPU.Build.0 = Debug|Any CPU
		{661E5178-C497-B27B-352A-58439B551D3A}.Release|Any CPU.ActiveCfg = Release|Any CPU
		{661E5178-C497-B27B-352A-58439B551D3A}.Release|Any CPU.Build.0 = Release|Any CPU
		{81DDA53A-F4C9-C51C-E183-9534BDBBBD9B}.Debug|Any CPU.ActiveCfg = Debug|Any CPU
		{81DDA53A-F4C9-C51C-E183-9534BDBBBD9B}.Debug|Any CPU.Build.0 = Debug|Any CPU
		{81DDA53A-F4C9-C51C-E183-9534BDBBBD9B}.Release|Any CPU.ActiveCfg = Release|Any CPU
		{81DDA53A-F4C9-C51C-E183-9534BDBBBD9B}.Release|Any CPU.Build.0 = Release|Any CPU
		{7D1496AE-22E6-8519-5E5D-68B273888E44}.Debug|Any CPU.ActiveCfg = Debug|Any CPU
		{7D1496AE-22E6-8519-5E5D-68B273888E44}.Debug|Any CPU.Build.0 = Debug|Any CPU
		{7D1496AE-22E6-8519-5E5D-68B273888E44}.Release|Any CPU.ActiveCfg = Release|Any CPU
		{7D1496AE-22E6-8519-5E5D-68B273888E44}.Release|Any CPU.Build.0 = Release|Any CPU
		{6A4815A7-DD2C-7760-223D-F7E8C059A624}.Debug|Any CPU.ActiveCfg = Debug|Any CPU
		{6A4815A7-DD2C-7760-223D-F7E8C059A624}.Debug|Any CPU.Build.0 = Debug|Any CPU
		{6A4815A7-DD2C-7760-223D-F7E8C059A624}.Release|Any CPU.ActiveCfg = Release|Any CPU
		{6A4815A7-DD2C-7760-223D-F7E8C059A624}.Release|Any CPU.Build.0 = Release|Any CPU
		{5C529C00-62CE-749D-EF7B-48964413CE1D}.Debug|Any CPU.ActiveCfg = Debug|Any CPU
		{5C529C00-62CE-749D-EF7B-48964413CE1D}.Debug|Any CPU.Build.0 = Debug|Any CPU
		{5C529C00-62CE-749D-EF7B-48964413CE1D}.Release|Any CPU.ActiveCfg = Release|Any CPU
		{5C529C00-62CE-749D-EF7B-48964413CE1D}.Release|Any CPU.Build.0 = Release|Any CPU
		{A0D3F1E1-BA35-DA49-D068-65A6E9D581E4}.Debug|Any CPU.ActiveCfg = Debug|Any CPU
		{A0D3F1E1-BA35-DA49-D068-65A6E9D581E4}.Debug|Any CPU.Build.0 = Debug|Any CPU
		{A0D3F1E1-BA35-DA49-D068-65A6E9D581E4}.Release|Any CPU.ActiveCfg = Release|Any CPU
		{A0D3F1E1-BA35-DA49-D068-65A6E9D581E4}.Release|Any CPU.Build.0 = Release|Any CPU
		{95DEAEBC-D7B8-155E-11D3-FBF8E9E2CEE8}.Debug|Any CPU.ActiveCfg = Debug|Any CPU
		{95DEAEBC-D7B8-155E-11D3-FBF8E9E2CEE8}.Debug|Any CPU.Build.0 = Debug|Any CPU
		{95DEAEBC-D7B8-155E-11D3-FBF8E9E2CEE8}.Release|Any CPU.ActiveCfg = Release|Any CPU
		{95DEAEBC-D7B8-155E-11D3-FBF8E9E2CEE8}.Release|Any CPU.Build.0 = Release|Any CPU
		{E165BF74-8AFE-389E-9C2F-F36284EE8095}.Debug|Any CPU.ActiveCfg = Debug|Any CPU
		{E165BF74-8AFE-389E-9C2F-F36284EE8095}.Debug|Any CPU.Build.0 = Debug|Any CPU
		{E165BF74-8AFE-389E-9C2F-F36284EE8095}.Release|Any CPU.ActiveCfg = Release|Any CPU
		{E165BF74-8AFE-389E-9C2F-F36284EE8095}.Release|Any CPU.Build.0 = Release|Any CPU
		{BDE6D4C7-0199-FFA9-5711-6CC337CC6AA7}.Debug|Any CPU.ActiveCfg = Debug|Any CPU
		{BDE6D4C7-0199-FFA9-5711-6CC337CC6AA7}.Debug|Any CPU.Build.0 = Debug|Any CPU
		{BDE6D4C7-0199-FFA9-5711-6CC337CC6AA7}.Release|Any CPU.ActiveCfg = Release|Any CPU
		{BDE6D4C7-0199-FFA9-5711-6CC337CC6AA7}.Release|Any CPU.Build.0 = Release|Any CPU
		{BE755194-1AC5-7891-3DFC-98A310BFAF0C}.Debug|Any CPU.ActiveCfg = Debug|Any CPU
		{BE755194-1AC5-7891-3DFC-98A310BFAF0C}.Debug|Any CPU.Build.0 = Debug|Any CPU
		{BE755194-1AC5-7891-3DFC-98A310BFAF0C}.Release|Any CPU.ActiveCfg = Release|Any CPU
		{BE755194-1AC5-7891-3DFC-98A310BFAF0C}.Release|Any CPU.Build.0 = Release|Any CPU
		{004FF89A-4F49-ABC5-5B7A-89F8D196379D}.Debug|Any CPU.ActiveCfg = Debug|Any CPU
		{004FF89A-4F49-ABC5-5B7A-89F8D196379D}.Debug|Any CPU.Build.0 = Debug|Any CPU
		{004FF89A-4F49-ABC5-5B7A-89F8D196379D}.Release|Any CPU.ActiveCfg = Release|Any CPU
		{004FF89A-4F49-ABC5-5B7A-89F8D196379D}.Release|Any CPU.Build.0 = Release|Any CPU
		{EF2F9352-475D-821A-8E2E-C7F8EBBEE78C}.Debug|Any CPU.ActiveCfg = Debug|Any CPU
		{EF2F9352-475D-821A-8E2E-C7F8EBBEE78C}.Debug|Any CPU.Build.0 = Debug|Any CPU
		{EF2F9352-475D-821A-8E2E-C7F8EBBEE78C}.Release|Any CPU.ActiveCfg = Release|Any CPU
		{EF2F9352-475D-821A-8E2E-C7F8EBBEE78C}.Release|Any CPU.Build.0 = Release|Any CPU
		{AF3EACB6-6DC2-6A37-23CE-95FAAFF9E4D4}.Debug|Any CPU.ActiveCfg = Debug|Any CPU
		{AF3EACB6-6DC2-6A37-23CE-95FAAFF9E4D4}.Debug|Any CPU.Build.0 = Debug|Any CPU
		{AF3EACB6-6DC2-6A37-23CE-95FAAFF9E4D4}.Release|Any CPU.ActiveCfg = Release|Any CPU
		{AF3EACB6-6DC2-6A37-23CE-95FAAFF9E4D4}.Release|Any CPU.Build.0 = Release|Any CPU
		{78EBF846-9616-F85C-FFAF-AFFE6F6C4C96}.Debug|Any CPU.ActiveCfg = Debug|Any CPU
		{78EBF846-9616-F85C-FFAF-AFFE6F6C4C96}.Debug|Any CPU.Build.0 = Debug|Any CPU
		{78EBF846-9616-F85C-FFAF-AFFE6F6C4C96}.Release|Any CPU.ActiveCfg = Release|Any CPU
		{78EBF846-9616-F85C-FFAF-AFFE6F6C4C96}.Release|Any CPU.Build.0 = Release|Any CPU
		{320CB826-82DE-5EB8-AA7A-7499405044C6}.Debug|Any CPU.ActiveCfg = Debug|Any CPU
		{320CB826-82DE-5EB8-AA7A-7499405044C6}.Debug|Any CPU.Build.0 = Debug|Any CPU
		{320CB826-82DE-5EB8-AA7A-7499405044C6}.Release|Any CPU.ActiveCfg = Release|Any CPU
		{320CB826-82DE-5EB8-AA7A-7499405044C6}.Release|Any CPU.Build.0 = Release|Any CPU
		{D8653227-441A-B482-DD10-32AB5A991F45}.Debug|Any CPU.ActiveCfg = Debug|Any CPU
		{D8653227-441A-B482-DD10-32AB5A991F45}.Debug|Any CPU.Build.0 = Debug|Any CPU
		{D8653227-441A-B482-DD10-32AB5A991F45}.Release|Any CPU.ActiveCfg = Release|Any CPU
		{D8653227-441A-B482-DD10-32AB5A991F45}.Release|Any CPU.Build.0 = Release|Any CPU
		{297730C7-4312-1B26-1C15-767BA243B690}.Debug|Any CPU.ActiveCfg = Debug|Any CPU
		{297730C7-4312-1B26-1C15-767BA243B690}.Debug|Any CPU.Build.0 = Debug|Any CPU
		{297730C7-4312-1B26-1C15-767BA243B690}.Release|Any CPU.ActiveCfg = Release|Any CPU
		{297730C7-4312-1B26-1C15-767BA243B690}.Release|Any CPU.Build.0 = Release|Any CPU
		{E047BACB-5433-182A-9155-26F3A1BA955A}.Debug|Any CPU.ActiveCfg = Debug|Any CPU
		{E047BACB-5433-182A-9155-26F3A1BA955A}.Debug|Any CPU.Build.0 = Debug|Any CPU
		{E047BACB-5433-182A-9155-26F3A1BA955A}.Release|Any CPU.ActiveCfg = Release|Any CPU
		{E047BACB-5433-182A-9155-26F3A1BA955A}.Release|Any CPU.Build.0 = Release|Any CPU
		{0B35DC67-5640-6FB6-B69D-BD7B46C4ECED}.Debug|Any CPU.ActiveCfg = Debug|Any CPU
		{0B35DC67-5640-6FB6-B69D-BD7B46C4ECED}.Debug|Any CPU.Build.0 = Debug|Any CPU
		{0B35DC67-5640-6FB6-B69D-BD7B46C4ECED}.Release|Any CPU.ActiveCfg = Release|Any CPU
		{0B35DC67-5640-6FB6-B69D-BD7B46C4ECED}.Release|Any CPU.Build.0 = Release|Any CPU
		{C8F51878-D4CD-D8A3-6227-0BC83F989F7E}.Debug|Any CPU.ActiveCfg = Debug|Any CPU
		{C8F51878-D4CD-D8A3-6227-0BC83F989F7E}.Debug|Any CPU.Build.0 = Debug|Any CPU
		{C8F51878-D4CD-D8A3-6227-0BC83F989F7E}.Release|Any CPU.ActiveCfg = Release|Any CPU
		{C8F51878-D4CD-D8A3-6227-0BC83F989F7E}.Release|Any CPU.Build.0 = Release|Any CPU
		{E0D41E96-57EB-7379-F399-25260A12684B}.Debug|Any CPU.ActiveCfg = Debug|Any CPU
		{E0D41E96-57EB-7379-F399-25260A12684B}.Debug|Any CPU.Build.0 = Debug|Any CPU
		{E0D41E96-57EB-7379-F399-25260A12684B}.Release|Any CPU.ActiveCfg = Release|Any CPU
		{E0D41E96-57EB-7379-F399-25260A12684B}.Release|Any CPU.Build.0 = Release|Any CPU
		{F6C3BE3E-CAAF-D488-D318-05C951253917}.Debug|Any CPU.ActiveCfg = Debug|Any CPU
		{F6C3BE3E-CAAF-D488-D318-05C951253917}.Debug|Any CPU.Build.0 = Debug|Any CPU
		{F6C3BE3E-CAAF-D488-D318-05C951253917}.Release|Any CPU.ActiveCfg = Release|Any CPU
		{F6C3BE3E-CAAF-D488-D318-05C951253917}.Release|Any CPU.Build.0 = Release|Any CPU
		{8C7AC344-A1D6-B8E5-E1B2-4A2C5D0969F6}.Debug|Any CPU.ActiveCfg = Debug|Any CPU
		{8C7AC344-A1D6-B8E5-E1B2-4A2C5D0969F6}.Debug|Any CPU.Build.0 = Debug|Any CPU
		{8C7AC344-A1D6-B8E5-E1B2-4A2C5D0969F6}.Release|Any CPU.ActiveCfg = Release|Any CPU
		{8C7AC344-A1D6-B8E5-E1B2-4A2C5D0969F6}.Release|Any CPU.Build.0 = Release|Any CPU
		{28A14AA1-5D5B-C3EF-6DDD-ABBB68E1A0B9}.Debug|Any CPU.ActiveCfg = Debug|Any CPU
		{28A14AA1-5D5B-C3EF-6DDD-ABBB68E1A0B9}.Debug|Any CPU.Build.0 = Debug|Any CPU
		{28A14AA1-5D5B-C3EF-6DDD-ABBB68E1A0B9}.Release|Any CPU.ActiveCfg = Release|Any CPU
		{28A14AA1-5D5B-C3EF-6DDD-ABBB68E1A0B9}.Release|Any CPU.Build.0 = Release|Any CPU
		{99E39B1A-1C31-B6C4-6172-2A978DFA2213}.Debug|Any CPU.ActiveCfg = Debug|Any CPU
		{99E39B1A-1C31-B6C4-6172-2A978DFA2213}.Debug|Any CPU.Build.0 = Debug|Any CPU
		{99E39B1A-1C31-B6C4-6172-2A978DFA2213}.Release|Any CPU.ActiveCfg = Release|Any CPU
		{99E39B1A-1C31-B6C4-6172-2A978DFA2213}.Release|Any CPU.Build.0 = Release|Any CPU
		{DF87254F-118C-2273-C42B-5753E21E6155}.Debug|Any CPU.ActiveCfg = Debug|Any CPU
		{DF87254F-118C-2273-C42B-5753E21E6155}.Debug|Any CPU.Build.0 = Debug|Any CPU
		{DF87254F-118C-2273-C42B-5753E21E6155}.Release|Any CPU.ActiveCfg = Release|Any CPU
		{DF87254F-118C-2273-C42B-5753E21E6155}.Release|Any CPU.Build.0 = Release|Any CPU
		{17554A15-FA4C-D4AA-8775-DB82A4AEB196}.Debug|Any CPU.ActiveCfg = Debug|Any CPU
		{17554A15-FA4C-D4AA-8775-DB82A4AEB196}.Debug|Any CPU.Build.0 = Debug|Any CPU
		{17554A15-FA4C-D4AA-8775-DB82A4AEB196}.Release|Any CPU.ActiveCfg = Release|Any CPU
		{17554A15-FA4C-D4AA-8775-DB82A4AEB196}.Release|Any CPU.Build.0 = Release|Any CPU
		{513F5D29-561A-C7BD-9F34-88599D7C79A3}.Debug|Any CPU.ActiveCfg = Debug|Any CPU
		{513F5D29-561A-C7BD-9F34-88599D7C79A3}.Debug|Any CPU.Build.0 = Debug|Any CPU
		{513F5D29-561A-C7BD-9F34-88599D7C79A3}.Release|Any CPU.ActiveCfg = Release|Any CPU
		{513F5D29-561A-C7BD-9F34-88599D7C79A3}.Release|Any CPU.Build.0 = Release|Any CPU
		{BB10438B-0EA0-19F4-F390-745E3ADE2D55}.Debug|Any CPU.ActiveCfg = Debug|Any CPU
		{BB10438B-0EA0-19F4-F390-745E3ADE2D55}.Debug|Any CPU.Build.0 = Debug|Any CPU
		{BB10438B-0EA0-19F4-F390-745E3ADE2D55}.Release|Any CPU.ActiveCfg = Release|Any CPU
		{BB10438B-0EA0-19F4-F390-745E3ADE2D55}.Release|Any CPU.Build.0 = Release|Any CPU
		{1D89A558-6F84-CFB1-3536-BA91750DAE49}.Debug|Any CPU.ActiveCfg = Debug|Any CPU
		{1D89A558-6F84-CFB1-3536-BA91750DAE49}.Debug|Any CPU.Build.0 = Debug|Any CPU
		{1D89A558-6F84-CFB1-3536-BA91750DAE49}.Release|Any CPU.ActiveCfg = Release|Any CPU
		{1D89A558-6F84-CFB1-3536-BA91750DAE49}.Release|Any CPU.Build.0 = Release|Any CPU
		{3CAE1B91-8090-5581-8877-09607B21E8EB}.Debug|Any CPU.ActiveCfg = Debug|Any CPU
		{3CAE1B91-8090-5581-8877-09607B21E8EB}.Debug|Any CPU.Build.0 = Debug|Any CPU
		{3CAE1B91-8090-5581-8877-09607B21E8EB}.Release|Any CPU.ActiveCfg = Release|Any CPU
		{3CAE1B91-8090-5581-8877-09607B21E8EB}.Release|Any CPU.Build.0 = Release|Any CPU
		{DB385A79-C047-FA7A-530E-AD10747AF87D}.Debug|Any CPU.ActiveCfg = Debug|Any CPU
		{DB385A79-C047-FA7A-530E-AD10747AF87D}.Debug|Any CPU.Build.0 = Debug|Any CPU
		{DB385A79-C047-FA7A-530E-AD10747AF87D}.Release|Any CPU.ActiveCfg = Release|Any CPU
		{DB385A79-C047-FA7A-530E-AD10747AF87D}.Release|Any CPU.Build.0 = Release|Any CPU
		{CD4C0256-710E-413B-52CC-2384571136F5}.Debug|Any CPU.ActiveCfg = Debug|Any CPU
		{CD4C0256-710E-413B-52CC-2384571136F5}.Debug|Any CPU.Build.0 = Debug|Any CPU
		{CD4C0256-710E-413B-52CC-2384571136F5}.Release|Any CPU.ActiveCfg = Release|Any CPU
		{CD4C0256-710E-413B-52CC-2384571136F5}.Release|Any CPU.Build.0 = Release|Any CPU
		{38B74DDF-AA8C-F63E-C8A6-80DBFEEE6D75}.Debug|Any CPU.ActiveCfg = Debug|Any CPU
		{38B74DDF-AA8C-F63E-C8A6-80DBFEEE6D75}.Debug|Any CPU.Build.0 = Debug|Any CPU
		{38B74DDF-AA8C-F63E-C8A6-80DBFEEE6D75}.Release|Any CPU.ActiveCfg = Release|Any CPU
		{38B74DDF-AA8C-F63E-C8A6-80DBFEEE6D75}.Release|Any CPU.Build.0 = Release|Any CPU
		{69FA68A3-753A-AA97-3A4A-CB2574B98641}.Debug|Any CPU.ActiveCfg = Debug|Any CPU
		{69FA68A3-753A-AA97-3A4A-CB2574B98641}.Debug|Any CPU.Build.0 = Debug|Any CPU
		{69FA68A3-753A-AA97-3A4A-CB2574B98641}.Release|Any CPU.ActiveCfg = Release|Any CPU
		{69FA68A3-753A-AA97-3A4A-CB2574B98641}.Release|Any CPU.Build.0 = Release|Any CPU
		{98F2499D-C8CE-F112-EC1B-B6A50042ECA2}.Debug|Any CPU.ActiveCfg = Debug|Any CPU
		{98F2499D-C8CE-F112-EC1B-B6A50042ECA2}.Debug|Any CPU.Build.0 = Debug|Any CPU
		{98F2499D-C8CE-F112-EC1B-B6A50042ECA2}.Release|Any CPU.ActiveCfg = Release|Any CPU
		{98F2499D-C8CE-F112-EC1B-B6A50042ECA2}.Release|Any CPU.Build.0 = Release|Any CPU
		{1BF52E61-FEB3-66A3-117A-796E6CBD9E48}.Debug|Any CPU.ActiveCfg = Debug|Any CPU
		{1BF52E61-FEB3-66A3-117A-796E6CBD9E48}.Debug|Any CPU.Build.0 = Debug|Any CPU
		{1BF52E61-FEB3-66A3-117A-796E6CBD9E48}.Release|Any CPU.ActiveCfg = Release|Any CPU
		{1BF52E61-FEB3-66A3-117A-796E6CBD9E48}.Release|Any CPU.Build.0 = Release|Any CPU
		{385FA0AD-01F2-4E63-73DD-0B0859279DE0}.Debug|Any CPU.ActiveCfg = Debug|Any CPU
		{385FA0AD-01F2-4E63-73DD-0B0859279DE0}.Debug|Any CPU.Build.0 = Debug|Any CPU
		{385FA0AD-01F2-4E63-73DD-0B0859279DE0}.Release|Any CPU.ActiveCfg = Release|Any CPU
		{385FA0AD-01F2-4E63-73DD-0B0859279DE0}.Release|Any CPU.Build.0 = Release|Any CPU
		{4488EAB5-23A3-CC96-98AE-4BE48927A669}.Debug|Any CPU.ActiveCfg = Debug|Any CPU
		{4488EAB5-23A3-CC96-98AE-4BE48927A669}.Debug|Any CPU.Build.0 = Debug|Any CPU
		{4488EAB5-23A3-CC96-98AE-4BE48927A669}.Release|Any CPU.ActiveCfg = Release|Any CPU
		{4488EAB5-23A3-CC96-98AE-4BE48927A669}.Release|Any CPU.Build.0 = Release|Any CPU
		{83C89D5F-BD3A-7F29-67AA-DE4B820EAC12}.Debug|Any CPU.ActiveCfg = Debug|Any CPU
		{83C89D5F-BD3A-7F29-67AA-DE4B820EAC12}.Debug|Any CPU.Build.0 = Debug|Any CPU
		{83C89D5F-BD3A-7F29-67AA-DE4B820EAC12}.Release|Any CPU.ActiveCfg = Release|Any CPU
		{83C89D5F-BD3A-7F29-67AA-DE4B820EAC12}.Release|Any CPU.Build.0 = Release|Any CPU
		{69C26B2B-648B-180D-2F0A-AF39821AC200}.Debug|Any CPU.ActiveCfg = Debug|Any CPU
		{69C26B2B-648B-180D-2F0A-AF39821AC200}.Debug|Any CPU.Build.0 = Debug|Any CPU
		{69C26B2B-648B-180D-2F0A-AF39821AC200}.Release|Any CPU.ActiveCfg = Release|Any CPU
		{69C26B2B-648B-180D-2F0A-AF39821AC200}.Release|Any CPU.Build.0 = Release|Any CPU
		{C09B2989-6AF0-F423-0C82-649412E4D978}.Debug|Any CPU.ActiveCfg = Debug|Any CPU
		{C09B2989-6AF0-F423-0C82-649412E4D978}.Debug|Any CPU.Build.0 = Debug|Any CPU
		{C09B2989-6AF0-F423-0C82-649412E4D978}.Release|Any CPU.ActiveCfg = Release|Any CPU
		{C09B2989-6AF0-F423-0C82-649412E4D978}.Release|Any CPU.Build.0 = Release|Any CPU
		{8A61A436-6BF1-B787-0EB4-A0436EDC6A65}.Debug|Any CPU.ActiveCfg = Debug|Any CPU
		{8A61A436-6BF1-B787-0EB4-A0436EDC6A65}.Debug|Any CPU.Build.0 = Debug|Any CPU
		{8A61A436-6BF1-B787-0EB4-A0436EDC6A65}.Release|Any CPU.ActiveCfg = Release|Any CPU
		{8A61A436-6BF1-B787-0EB4-A0436EDC6A65}.Release|Any CPU.Build.0 = Release|Any CPU
		{BE8DA1D6-EAC3-235D-E1B1-12A7B45F2168}.Debug|Any CPU.ActiveCfg = Debug|Any CPU
		{BE8DA1D6-EAC3-235D-E1B1-12A7B45F2168}.Debug|Any CPU.Build.0 = Debug|Any CPU
		{BE8DA1D6-EAC3-235D-E1B1-12A7B45F2168}.Release|Any CPU.ActiveCfg = Release|Any CPU
		{BE8DA1D6-EAC3-235D-E1B1-12A7B45F2168}.Release|Any CPU.Build.0 = Release|Any CPU
		{CD55B556-F4EE-7002-EBC3-90146BE763ED}.Debug|Any CPU.ActiveCfg = Debug|Any CPU
		{CD55B556-F4EE-7002-EBC3-90146BE763ED}.Debug|Any CPU.Build.0 = Debug|Any CPU
		{CD55B556-F4EE-7002-EBC3-90146BE763ED}.Release|Any CPU.ActiveCfg = Release|Any CPU
		{CD55B556-F4EE-7002-EBC3-90146BE763ED}.Release|Any CPU.Build.0 = Release|Any CPU
		{798D4CE4-9B18-764A-1EF5-96193BCACFD4}.Debug|Any CPU.ActiveCfg = Debug|Any CPU
		{798D4CE4-9B18-764A-1EF5-96193BCACFD4}.Debug|Any CPU.Build.0 = Debug|Any CPU
		{798D4CE4-9B18-764A-1EF5-96193BCACFD4}.Release|Any CPU.ActiveCfg = Release|Any CPU
		{798D4CE4-9B18-764A-1EF5-96193BCACFD4}.Release|Any CPU.Build.0 = Release|Any CPU
		{9DB41193-DB79-B0A6-8463-953018371AE7}.Debug|Any CPU.ActiveCfg = Debug|Any CPU
		{9DB41193-DB79-B0A6-8463-953018371AE7}.Debug|Any CPU.Build.0 = Debug|Any CPU
		{9DB41193-DB79-B0A6-8463-953018371AE7}.Release|Any CPU.ActiveCfg = Release|Any CPU
		{9DB41193-DB79-B0A6-8463-953018371AE7}.Release|Any CPU.Build.0 = Release|Any CPU
		{93BCB8A3-E067-626C-0143-4F63E9F291FC}.Debug|Any CPU.ActiveCfg = Debug|Any CPU
		{93BCB8A3-E067-626C-0143-4F63E9F291FC}.Debug|Any CPU.Build.0 = Debug|Any CPU
		{93BCB8A3-E067-626C-0143-4F63E9F291FC}.Release|Any CPU.ActiveCfg = Release|Any CPU
		{93BCB8A3-E067-626C-0143-4F63E9F291FC}.Release|Any CPU.Build.0 = Release|Any CPU
	EndGlobalSection
	GlobalSection(SolutionProperties) = preSolution
		HideSolutionNode = FALSE
	EndGlobalSection
EndGlobal
